
Microsoft Visual Studio Solution File, Format Version 12.00
# Visual Studio Version 17
VisualStudioVersion = 17.6.33815.320
MinimumVisualStudioVersion = 10.0.40219.1
Project("{9A19103F-16F7-4668-BE54-9A1E7A4F7556}") = "Model.Domain", "Model.Domain\Model.Domain.csproj", "{25029F3E-9028-4C6D-AF42-D2849CD7477C}"
EndProject
Project("{9A19103F-16F7-4668-BE54-9A1E7A4F7556}") = "Model.Application", "Model.Application\Model.Application.csproj", "{80C5AB1C-CBAB-42CD-AF9A-F643570D95C7}"
EndProject
Project("{9A19103F-16F7-4668-BE54-9A1E7A4F7556}") = "Model.Infrastructure.Data", "Model.Infrastructure.Data\Model.Infrastructure.Data.csproj", "{EA6E7336-DA85-4754-AFB5-D3840E704491}"
EndProject
Project("{9A19103F-16F7-4668-BE54-9A1E7A4F7556}") = "Model.Infrastructure.IoC", "Model.Infrastructure.IoC\Model.Infrastructure.IoC.csproj", "{CAB9629E-758E-4E14-8AE7-4DC367BB7F66}"
EndProject
Project("{9A19103F-16F7-4668-BE54-9A1E7A4F7556}") = "Model.Api", "Model.Api\Model.Api.csproj", "{D4416E0B-534A-4A34-B4DE-2F8D2112CFC2}"
EndProject
Project("{2150E333-8FDC-42A3-9474-1A3956D46DE8}") = "Solution Items", "Solution Items", "{4FA9E2A4-1FD3-4E05-8649-D01124513906}"
	ProjectSection(SolutionItems) = preProject
		docker-compose.yml = docker-compose.yml
	EndProjectSection
EndProject
Global
	GlobalSection(SolutionConfigurationPlatforms) = preSolution
		Debug|Any CPU = Debug|Any CPU
		Release|Any CPU = Release|Any CPU
	EndGlobalSection
	GlobalSection(ProjectConfigurationPlatforms) = postSolution
		{25029F3E-9028-4C6D-AF42-D2849CD7477C}.Debug|Any CPU.ActiveCfg = Debug|Any CPU
		{25029F3E-9028-4C6D-AF42-D2849CD7477C}.Debug|Any CPU.Build.0 = Debug|Any CPU
		{25029F3E-9028-4C6D-AF42-D2849CD7477C}.Release|Any CPU.ActiveCfg = Release|Any CPU
		{25029F3E-9028-4C6D-AF42-D2849CD7477C}.Release|Any CPU.Build.0 = Release|Any CPU
		{80C5AB1C-CBAB-42CD-AF9A-F643570D95C7}.Debug|Any CPU.ActiveCfg = Debug|Any CPU
		{80C5AB1C-CBAB-42CD-AF9A-F643570D95C7}.Debug|Any CPU.Build.0 = Debug|Any CPU
		{80C5AB1C-CBAB-42CD-AF9A-F643570D95C7}.Release|Any CPU.ActiveCfg = Release|Any CPU
		{80C5AB1C-CBAB-42CD-AF9A-F643570D95C7}.Release|Any CPU.Build.0 = Release|Any CPU
		{EA6E7336-DA85-4754-AFB5-D3840E704491}.Debug|Any CPU.ActiveCfg = Debug|Any CPU
		{EA6E7336-DA85-4754-AFB5-D3840E704491}.Debug|Any CPU.Build.0 = Debug|Any CPU
		{EA6E7336-DA85-4754-AFB5-D3840E704491}.Release|Any CPU.ActiveCfg = Release|Any CPU
		{EA6E7336-DA85-4754-AFB5-D3840E704491}.Release|Any CPU.Build.0 = Release|Any CPU
		{CAB9629E-758E-4E14-8AE7-4DC367BB7F66}.Debug|Any CPU.ActiveCfg = Debug|Any CPU
		{CAB9629E-758E-4E14-8AE7-4DC367BB7F66}.Debug|Any CPU.Build.0 = Debug|Any CPU
		{CAB9629E-758E-4E14-8AE7-4DC367BB7F66}.Release|Any CPU.ActiveCfg = Release|Any CPU
		{CAB9629E-758E-4E14-8AE7-4DC367BB7F66}.Release|Any CPU.Build.0 = Release|Any CPU
		{D4416E0B-534A-4A34-B4DE-2F8D2112CFC2}.Debug|Any CPU.ActiveCfg = Debug|Any CPU
		{D4416E0B-534A-4A34-B4DE-2F8D2112CFC2}.Debug|Any CPU.Build.0 = Debug|Any CPU
		{D4416E0B-534A-4A34-B4DE-2F8D2112CFC2}.Release|Any CPU.ActiveCfg = Release|Any CPU
		{D4416E0B-534A-4A34-B4DE-2F8D2112CFC2}.Release|Any CPU.Build.0 = Release|Any CPU
	EndGlobalSection
	GlobalSection(SolutionProperties) = preSolution
		HideSolutionNode = FALSE
	EndGlobalSection
	GlobalSection(ExtensibilityGlobals) = postSolution
		SolutionGuid = {82C7105D-6A1E-4F42-8626-AD714244C05C}
	EndGlobalSection
EndGlobal
